
Microsoft Visual Studio Solution File, Format Version 11.00
# Visual Studio 2010
Project("{FAE04EC0-301F-11D3-BF4B-00C04F79EFBC}") = "Assembly-CSharp", "Assembly-CSharp.csproj", "{9A7A8DBD-0640-54FB-71DF-FCCDC713E30C}"
EndProject
Project("{FAE04EC0-301F-11D3-BF4B-00C04F79EFBC}") = "AstarPathfindingProject", "AstarPathfindingProject.csproj", "{3A38EF0B-4774-4CDF-DDE0-BF4085CD8A19}"
EndProject
Project("{FAE04EC0-301F-11D3-BF4B-00C04F79EFBC}") = "AstarPathfindingProjectEditor", "AstarPathfindingProjectEditor.csproj", "{170F003F-D31F-B9B9-E4F0-EBFD771ED419}"
EndProject
Project("{FAE04EC0-301F-11D3-BF4B-00C04F79EFBC}") = "PackageToolsEditor", "PackageToolsEditor.csproj", "{C4DEB00B-793C-786F-C9DE-57E6F948F2E4}"
EndProject
Global
	GlobalSection(SolutionConfigurationPlatforms) = preSolution
		Debug|Any CPU = Debug|Any CPU
		Release|Any CPU = Release|Any CPU
	EndGlobalSection
	GlobalSection(ProjectConfigurationPlatforms) = postSolution
		{9A7A8DBD-0640-54FB-71DF-FCCDC713E30C}.Debug|Any CPU.ActiveCfg = Debug|Any CPU
		{9A7A8DBD-0640-54FB-71DF-FCCDC713E30C}.Debug|Any CPU.Build.0 = Debug|Any CPU
		{9A7A8DBD-0640-54FB-71DF-FCCDC713E30C}.Release|Any CPU.ActiveCfg = Release|Any CPU
		{9A7A8DBD-0640-54FB-71DF-FCCDC713E30C}.Release|Any CPU.Build.0 = Release|Any CPU
		{3A38EF0B-4774-4CDF-DDE0-BF4085CD8A19}.Debug|Any CPU.ActiveCfg = Debug|Any CPU
		{3A38EF0B-4774-4CDF-DDE0-BF4085CD8A19}.Debug|Any CPU.Build.0 = Debug|Any CPU
		{3A38EF0B-4774-4CDF-DDE0-BF4085CD8A19}.Release|Any CPU.ActiveCfg = Release|Any CPU
		{3A38EF0B-4774-4CDF-DDE0-BF4085CD8A19}.Release|Any CPU.Build.0 = Release|Any CPU
		{170F003F-D31F-B9B9-E4F0-EBFD771ED419}.Debug|Any CPU.ActiveCfg = Debug|Any CPU
		{170F003F-D31F-B9B9-E4F0-EBFD771ED419}.Debug|Any CPU.Build.0 = Debug|Any CPU
		{170F003F-D31F-B9B9-E4F0-EBFD771ED419}.Release|Any CPU.ActiveCfg = Release|Any CPU
		{170F003F-D31F-B9B9-E4F0-EBFD771ED419}.Release|Any CPU.Build.0 = Release|Any CPU
		{C4DEB00B-793C-786F-C9DE-57E6F948F2E4}.Debug|Any CPU.ActiveCfg = Debug|Any CPU
		{C4DEB00B-793C-786F-C9DE-57E6F948F2E4}.Debug|Any CPU.Build.0 = Debug|Any CPU
		{C4DEB00B-793C-786F-C9DE-57E6F948F2E4}.Release|Any CPU.ActiveCfg = Release|Any CPU
		{C4DEB00B-793C-786F-C9DE-57E6F948F2E4}.Release|Any CPU.Build.0 = Release|Any CPU
	EndGlobalSection
	GlobalSection(SolutionProperties) = preSolution
		HideSolutionNode = FALSE
	EndGlobalSection
	GlobalSection(MonoDevelopProperties) = preSolution
		StartupItem = Assembly-CSharp.csproj
	EndGlobalSection
EndGlobal
