
Microsoft Visual Studio Solution File, Format Version 11.00
# Visual Studio 2010
Project("{FAE04EC0-301F-11D3-BF4B-00C04F79EFBC}") = "Assembly-CSharp", "Assembly-CSharp.csproj", "{1969511E-111E-6BCE-26D0-9608AFA02580}"
EndProject
Project("{FAE04EC0-301F-11D3-BF4B-00C04F79EFBC}") = "Assembly-CSharp-Editor", "Assembly-CSharp-Editor.csproj", "{FE34A365-1902-34BF-A9DF-3CA00DFB652E}"
EndProject
Global
	GlobalSection(SolutionConfigurationPlatforms) = preSolution
		Debug|Any CPU = Debug|Any CPU
		Release|Any CPU = Release|Any CPU
	EndGlobalSection
	GlobalSection(ProjectConfigurationPlatforms) = postSolution
		{1969511E-111E-6BCE-26D0-9608AFA02580}.Debug|Any CPU.ActiveCfg = Debug|Any CPU
		{1969511E-111E-6BCE-26D0-9608AFA02580}.Debug|Any CPU.Build.0 = Debug|Any CPU
		{1969511E-111E-6BCE-26D0-9608AFA02580}.Release|Any CPU.ActiveCfg = Release|Any CPU
		{1969511E-111E-6BCE-26D0-9608AFA02580}.Release|Any CPU.Build.0 = Release|Any CPU
		{FE34A365-1902-34BF-A9DF-3CA00DFB652E}.Debug|Any CPU.ActiveCfg = Debug|Any CPU
		{FE34A365-1902-34BF-A9DF-3CA00DFB652E}.Debug|Any CPU.Build.0 = Debug|Any CPU
		{FE34A365-1902-34BF-A9DF-3CA00DFB652E}.Release|Any CPU.ActiveCfg = Release|Any CPU
		{FE34A365-1902-34BF-A9DF-3CA00DFB652E}.Release|Any CPU.Build.0 = Release|Any CPU
	EndGlobalSection
	GlobalSection(SolutionProperties) = preSolution
		HideSolutionNode = FALSE
	EndGlobalSection
	GlobalSection(MonoDevelopProperties) = preSolution
		StartupItem = Assembly-CSharp.csproj
	EndGlobalSection
EndGlobal
